{
  "name": "example-test",
  "version": "1.0.0",
  "lockfileVersion": 3,
  "requires": true,
  "packages": {
    "": {
      "name": "example-test",
      "version": "1.0.0",
      "dependencies": {
        "kpi-async-iterator-lib": "file:../"
      }
    },
    "..": {
      "name": "kpi-async-iterator-lib",
      "version": "1.0.0",
      "license": "MIT"
    },
    "node_modules/kpi-async-iterator-lib": {
      "resolved": "..",
      "link": true
    }
  }
}
